PODS:
  - Apollo (0.53.0):
    - Apollo/Core (= 0.53.0)
  - Apollo/Core (0.53.0)

DEPENDENCIES:
  - Apollo (~> 0.53.0)

SPEC REPOS:
  trunk:
    - Apollo

SPEC CHECKSUMS:
  Apollo: 204819ea82022fbc59ad05056820df867f19bd02

PODFILE CHECKSUM: aaed1e9bf2affe5aa7e79896700f77a8bc11c370

COCOAPODS: 1.11.3
